// !$*UTF8*$!
{
	archiveVersion = 1;
	classes = {
	};
	objectVersion = 50;
	objects = {

/* Begin PBXBuildFile section */
		01FCE9D825031239000BAF8F /* AppDelegate.swift in Sources */ = {isa = PBXBuildFile; fileRef = 01FCE9D725031239000BAF8F /* AppDelegate.swift */; };
		01FCE9DA25031239000BAF8F /* SceneDelegate.swift in Sources */ = {isa = PBXBuildFile; fileRef = 01FCE9D925031239000BAF8F /* SceneDelegate.swift */; };
		01FCE9E12503123D000BAF8F /* Assets.xcassets in Resources */ = {isa = PBXBuildFile; fileRef = 01FCE9E02503123D000BAF8F /* Assets.xcassets */; };
		01FCE9E42503123D000BAF8F /* LaunchScreen.storyboard in Resources */ = {isa = PBXBuildFile; fileRef = 01FCE9E22503123D000BAF8F /* LaunchScreen.storyboard */; };
		01FCE9EC25032EA9000BAF8F /* HomeVC.swift in Sources */ = {isa = PBXBuildFile; fileRef = 01FCE9DB25031239000BAF8F /* HomeVC.swift */; };
		01FCE9EE250334EC000BAF8F /* GameVC.swift in Sources */ = {isa = PBXBuildFile; fileRef = 01FCE9ED250334EC000BAF8F /* GameVC.swift */; };
		01FCE9F025047E4C000BAF8F /* WordBankLabel.swift in Sources */ = {isa = PBXBuildFile; fileRef = 01FCE9EF25047E4C000BAF8F /* WordBankLabel.swift */; };
		01FCE9F425048CDC000BAF8F /* LetterCell.swift in Sources */ = {isa = PBXBuildFile; fileRef = 01FCE9F225048CDC000BAF8F /* LetterCell.swift */; };
		01FCE9F525048CDC000BAF8F /* LetterCell.xib in Resources */ = {isa = PBXBuildFile; fileRef = 01FCE9F325048CDC000BAF8F /* LetterCell.xib */; };
		01FCE9F9250573DE000BAF8F /* GridGenerator.swift in Sources */ = {isa = PBXBuildFile; fileRef = 01FCE9F8250573DE000BAF8F /* GridGenerator.swift */; };
		01FCE9FB25071013000BAF8F /* WordSelector.swift in Sources */ = {isa = PBXBuildFile; fileRef = 01FCE9FA25071013000BAF8F /* WordSelector.swift */; };
/* End PBXBuildFile section */

/* Begin PBXFileReference section */
		01FCE9D425031239000BAF8F /* ShopifyInternshipWordSearch.app */ = {isa = PBXFileReference; explicitFileType = wrapper.application; includeInIndex = 0; path = ShopifyInternshipWordSearch.app; sourceTree = BUILT_PRODUCTS_DIR; };
		01FCE9D725031239000BAF8F /* AppDelegate.swift */ = {isa = PBXFileReference; lastKnownFileType = sourcecode.swift; path = AppDelegate.swift; sourceTree = "<group>"; };
		01FCE9D925031239000BAF8F /* SceneDelegate.swift */ = {isa = PBXFileReference; lastKnownFileType = sourcecode.swift; path = SceneDelegate.swift; sourceTree = "<group>"; };
		01FCE9DB25031239000BAF8F /* HomeVC.swift */ = {isa = PBXFileReference; lastKnownFileType = sourcecode.swift; path = HomeVC.swift; sourceTree = "<group>"; };
		01FCE9E02503123D000BAF8F /* Assets.xcassets */ = {isa = PBXFileReference; lastKnownFileType = folder.assetcatalog; path = Assets.xcassets; sourceTree = "<group>"; };
		01FCE9E32503123D000BAF8F /* Base */ = {isa = PBXFileReference; lastKnownFileType = file.storyboard; name = Base; path = Base.lproj/LaunchScreen.storyboard; sourceTree = "<group>"; };
		01FCE9E52503123D000BAF8F /* Info.plist */ = {isa = PBXFileReference; lastKnownFileType = text.plist.xml; path = Info.plist; sourceTree = "<group>"; };
		01FCE9ED250334EC000BAF8F /* GameVC.swift */ = {isa = PBXFileReference; lastKnownFileType = sourcecode.swift; path = GameVC.swift; sourceTree = "<group>"; };
		01FCE9EF25047E4C000BAF8F /* WordBankLabel.swift */ = {isa = PBXFileReference; lastKnownFileType = sourcecode.swift; path = WordBankLabel.swift; sourceTree = "<group>"; };
		01FCE9F225048CDC000BAF8F /* LetterCell.swift */ = {isa = PBXFileReference; lastKnownFileType = sourcecode.swift; path = LetterCell.swift; sourceTree = "<group>"; };
		01FCE9F325048CDC000BAF8F /* LetterCell.xib */ = {isa = PBXFileReference; lastKnownFileType = file.xib; path = LetterCell.xib; sourceTree = "<group>"; };
		01FCE9F8250573DE000BAF8F /* GridGenerator.swift */ = {isa = PBXFileReference; lastKnownFileType = sourcecode.swift; path = GridGenerator.swift; sourceTree = "<group>"; };
		01FCE9FA25071013000BAF8F /* WordSelector.swift */ = {isa = PBXFileReference; lastKnownFileType = sourcecode.swift; path = WordSelector.swift; sourceTree = "<group>"; };
/* End PBXFileReference section */

/* Begin PBXFrameworksBuildPhase section */
		01FCE9D125031239000BAF8F /* Frameworks */ = {
			isa = PBXFrameworksBuildPhase;
			buildActionMask = 2147483647;
			files = (
			);
			runOnlyForDeploymentPostprocessing = 0;
		};
/* End PBXFrameworksBuildPhase section */

/* Begin PBXGroup section */
		01FCE9CB25031239000BAF8F = {
			isa = PBXGroup;
			children = (
				01FCE9D625031239000BAF8F /* ShopifyInternshipWordSearch */,
				01FCE9D525031239000BAF8F /* Products */,
			);
			sourceTree = "<group>";
		};
		01FCE9D525031239000BAF8F /* Products */ = {
			isa = PBXGroup;
			children = (
				01FCE9D425031239000BAF8F /* ShopifyInternshipWordSearch.app */,
			);
			name = Products;
			sourceTree = "<group>";
		};
		01FCE9D625031239000BAF8F /* ShopifyInternshipWordSearch */ = {
			isa = PBXGroup;
			children = (
				01FCE9F7250573D0000BAF8F /* Models */,
				01FCE9F125047E53000BAF8F /* views */,
				01FCE9EB25031347000BAF8F /* View Controllers */,
				01FCE9D725031239000BAF8F /* AppDelegate.swift */,
				01FCE9D925031239000BAF8F /* SceneDelegate.swift */,
				01FCE9E02503123D000BAF8F /* Assets.xcassets */,
				01FCE9E22503123D000BAF8F /* LaunchScreen.storyboard */,
				01FCE9E52503123D000BAF8F /* Info.plist */,
			);
			path = ShopifyInternshipWordSearch;
			sourceTree = "<group>";
		};
		01FCE9EB25031347000BAF8F /* View Controllers */ = {
			isa = PBXGroup;
			children = (
				01FCE9DB25031239000BAF8F /* HomeVC.swift */,
				01FCE9ED250334EC000BAF8F /* GameVC.swift */,
			);
			path = "View Controllers";
			sourceTree = "<group>";
		};
		01FCE9F125047E53000BAF8F /* views */ = {
			isa = PBXGroup;
			children = (
				01FCE9EF25047E4C000BAF8F /* WordBankLabel.swift */,
				01FCE9F225048CDC000BAF8F /* LetterCell.swift */,
				01FCE9F325048CDC000BAF8F /* LetterCell.xib */,
			);
			path = views;
			sourceTree = "<group>";
		};
		01FCE9F7250573D0000BAF8F /* Models */ = {
			isa = PBXGroup;
			children = (
				01FCE9F8250573DE000BAF8F /* GridGenerator.swift */,
				01FCE9FA25071013000BAF8F /* WordSelector.swift */,
			);
			path = Models;
			sourceTree = "<group>";
		};
/* End PBXGroup section */

/* Begin PBXNativeTarget section */
		01FCE9D325031239000BAF8F /* ShopifyInternshipWordSearch */ = {
			isa = PBXNativeTarget;
			buildConfigurationList = 01FCE9E82503123D000BAF8F /* Build configuration list for PBXNativeTarget "ShopifyInternshipWordSearch" */;
			buildPhases = (
				01FCE9D025031239000BAF8F /* Sources */,
				01FCE9D125031239000BAF8F /* Frameworks */,
				01FCE9D225031239000BAF8F /* Resources */,
			);
			buildRules = (
			);
			dependencies = (
			);
			name = ShopifyInternshipWordSearch;
			productName = ShopifyInternshipWordSearch;
			productReference = 01FCE9D425031239000BAF8F /* ShopifyInternshipWordSearch.app */;
			productType = "com.apple.product-type.application";
		};
/* End PBXNativeTarget section */

/* Begin PBXProject section */
		01FCE9CC25031239000BAF8F /* Project object */ = {
			isa = PBXProject;
			attributes = {
				LastSwiftUpdateCheck = 1150;
				LastUpgradeCheck = 1150;
				ORGANIZATIONNAME = "Nicholas Kearns";
				TargetAttributes = {
					01FCE9D325031239000BAF8F = {
						CreatedOnToolsVersion = 11.5;
					};
				};
			};
			buildConfigurationList = 01FCE9CF25031239000BAF8F /* Build configuration list for PBXProject "ShopifyInternshipWordSearch" */;
			compatibilityVersion = "Xcode 9.3";
			developmentRegion = en;
			hasScannedForEncodings = 0;
			knownRegions = (
				en,
				Base,
			);
			mainGroup = 01FCE9CB25031239000BAF8F;
			productRefGroup = 01FCE9D525031239000BAF8F /* Products */;
			projectDirPath = "";
			projectRoot = "";
			targets = (
				01FCE9D325031239000BAF8F /* ShopifyInternshipWordSearch */,
			);
		};
/* End PBXProject section */

/* Begin PBXResourcesBuildPhase section */
		01FCE9D225031239000BAF8F /* Resources */ = {
			isa = PBXResourcesBuildPhase;
			buildActionMask = 2147483647;
			files = (
				01FCE9F525048CDC000BAF8F /* LetterCell.xib in Resources */,
				01FCE9E42503123D000BAF8F /* LaunchScreen.storyboard in Resources */,
				01FCE9E12503123D000BAF8F /* Assets.xcassets in Resources */,
			);
			runOnlyForDeploymentPostprocessing = 0;
		};
/* End PBXResourcesBuildPhase section */

/* Begin PBXSourcesBuildPhase section */
		01FCE9D025031239000BAF8F /* Sources */ = {
			isa = PBXSourcesBuildPhase;
			buildActionMask = 2147483647;
			files = (
				01FCE9F9250573DE000BAF8F /* GridGenerator.swift in Sources */,
				01FCE9EC25032EA9000BAF8F /* HomeVC.swift in Sources */,
				01FCE9FB25071013000BAF8F /* WordSelector.swift in Sources */,
				01FCE9F425048CDC000BAF8F /* LetterCell.swift in Sources */,
				01FCE9D825031239000BAF8F /* AppDelegate.swift in Sources */,
				01FCE9EE250334EC000BAF8F /* GameVC.swift in Sources */,
				01FCE9DA25031239000BAF8F /* SceneDelegate.swift in Sources */,
				01FCE9F025047E4C000BAF8F /* WordBankLabel.swift in Sources */,
			);
			runOnlyForDeploymentPostprocessing = 0;
		};
/* End PBXSourcesBuildPhase section */

/* Begin PBXVariantGroup section */
		01FCE9E22503123D000BAF8F /* LaunchScreen.storyboard */ = {
			isa = PBXVariantGroup;
			children = (
				01FCE9E32503123D000BAF8F /* Base */,
			);
			name = LaunchScreen.storyboard;
			sourceTree = "<group>";
		};
/* End PBXVariantGroup section */

/* Begin XCBuildConfiguration section */
		01FCE9E62503123D000BAF8F /* Debug */ = {
			isa = XCBuildConfiguration;
			buildSettings = {
				ALWAYS_SEARCH_USER_PATHS = NO;
				CLANG_ANALYZER_NONNULL = YES;
				CLANG_ANALYZER_NUMBER_OBJECT_CONVERSION = YES_AGGRESSIVE;
				CLANG_CXX_LANGUAGE_STANDARD = "gnu++14";
				CLANG_CXX_LIBRARY = "libc++";
				CLANG_ENABLE_MODULES = YES;
				CLANG_ENABLE_OBJC_ARC = YES;
				CLANG_ENABLE_OBJC_WEAK = YES;
				CLANG_WARN_BLOCK_CAPTURE_AUTORELEASING = YES;
				CLANG_WARN_BOOL_CONVERSION = YES;
				CLANG_WARN_COMMA = YES;
				CLANG_WARN_CONSTANT_CONVERSION = YES;
				CLANG_WARN_DEPRECATED_OBJC_IMPLEMENTATIONS = YES;
				CLANG_WARN_DIRECT_OBJC_ISA_USAGE = YES_ERROR;
				CLANG_WARN_DOCUMENTATION_COMMENTS = YES;
				CLANG_WARN_EMPTY_BODY = YES;
				CLANG_WARN_ENUM_CONVERSION = YES;
				CLANG_WARN_INFINITE_RECURSION = YES;
				CLANG_WARN_INT_CONVERSION = YES;
				CLANG_WARN_NON_LITERAL_NULL_CONVERSION = YES;
				CLANG_WARN_OBJC_IMPLICIT_RETAIN_SELF = YES;
				CLANG_WARN_OBJC_LITERAL_CONVERSION = YES;
				CLANG_WARN_OBJC_ROOT_CLASS = YES_ERROR;
				CLANG_WARN_RANGE_LOOP_ANALYSIS = YES;
				CLANG_WARN_STRICT_PROTOTYPES = YES;
				CLANG_WARN_SUSPICIOUS_MOVE = YES;
				CLANG_WARN_UNGUARDED_AVAILABILITY = YES_AGGRESSIVE;
				CLANG_WARN_UNREACHABLE_CODE = YES;
				CLANG_WARN__DUPLICATE_METHOD_MATCH = YES;
				COPY_PHASE_STRIP = NO;
				DEBUG_INFORMATION_FORMAT = dwarf;
				ENABLE_STRICT_OBJC_MSGSEND = YES;
				ENABLE_TESTABILITY = YES;
				GCC_C_LANGUAGE_STANDARD = gnu11;
				GCC_DYNAMIC_NO_PIC = NO;
				GCC_NO_COMMON_BLOCKS = YES;
				GCC_OPTIMIZATION_LEVEL = 0;
				GCC_PREPROCESSOR_DEFINITIONS = (
					"DEBUG=1",
					"$(inherited)",
				);
				GCC_WARN_64_TO_32_BIT_CONVERSION = YES;
				GCC_WARN_ABOUT_RETURN_TYPE = YES_ERROR;
				GCC_WARN_UNDECLARED_SELECTOR = YES;
				GCC_WARN_UNINITIALIZED_AUTOS = YES_AGGRESSIVE;
				GCC_WARN_UNUSED_FUNCTION = YES;
				GCC_WARN_UNUSED_VARIABLE = YES;
				IPHONEOS_DEPLOYMENT_TARGET = 13.5;
				MTL_ENABLE_DEBUG_INFO = INCLUDE_SOURCE;
				MTL_FAST_MATH = YES;
				ONLY_ACTIVE_ARCH = YES;
				SDKROOT = iphoneos;
				SWIFT_ACTIVE_COMPILATION_CONDITIONS = DEBUG;
				SWIFT_OPTIMIZATION_LEVEL = "-Onone";
			};
			name = Debug;
		};
		01FCE9E72503123D000BAF8F /* Release */ = {
			isa = XCBuildConfiguration;
			buildSettings = {
				ALWAYS_SEARCH_USER_PATHS = NO;
				CLANG_ANALYZER_NONNULL = YES;
				CLANG_ANALYZER_NUMBER_OBJECT_CONVERSION = YES_AGGRESSIVE;
				CLANG_CXX_LANGUAGE_STANDARD = "gnu++14";
				CLANG_CXX_LIBRARY = "libc++";
				CLANG_ENABLE_MODULES = YES;
				CLANG_ENABLE_OBJC_ARC = YES;
				CLANG_ENABLE_OBJC_WEAK = YES;
				CLANG_WARN_BLOCK_CAPTURE_AUTORELEASING = YES;
				CLANG_WARN_BOOL_CONVERSION = YES;
				CLANG_WARN_COMMA = YES;
				CLANG_WARN_CONSTANT_CONVERSION = YES;
				CLANG_WARN_DEPRECATED_OBJC_IMPLEMENTATIONS = YES;
				CLANG_WARN_DIRECT_OBJC_ISA_USAGE = YES_ERROR;
				CLANG_WARN_DOCUMENTATION_COMMENTS = YES;
				CLANG_WARN_EMPTY_BODY = YES;
				CLANG_WARN_ENUM_CONVERSION = YES;
				CLANG_WARN_INFINITE_RECURSION = YES;
				CLANG_WARN_INT_CONVERSION = YES;
				CLANG_WARN_NON_LITERAL_NULL_CONVERSION = YES;
				CLANG_WARN_OBJC_IMPLICIT_RETAIN_SELF = YES;
				CLANG_WARN_OBJC_LITERAL_CONVERSION = YES;
				CLANG_WARN_OBJC_ROOT_CLASS = YES_ERROR;
				CLANG_WARN_RANGE_LOOP_ANALYSIS = YES;
				CLANG_WARN_STRICT_PROTOTYPES = YES;
				CLANG_WARN_SUSPICIOUS_MOVE = YES;
				CLANG_WARN_UNGUARDED_AVAILABILITY = YES_AGGRESSIVE;
				CLANG_WARN_UNREACHABLE_CODE = YES;
				CLANG_WARN__DUPLICATE_METHOD_MATCH = YES;
				COPY_PHASE_STRIP = NO;
				DEBUG_INFORMATION_FORMAT = "dwarf-with-dsym";
				ENABLE_NS_ASSERTIONS = NO;
				ENABLE_STRICT_OBJC_MSGSEND = YES;
				GCC_C_LANGUAGE_STANDARD = gnu11;
				GCC_NO_COMMON_BLOCKS = YES;
				GCC_WARN_64_TO_32_BIT_CONVERSION = YES;
				GCC_WARN_ABOUT_RETURN_TYPE = YES_ERROR;
				GCC_WARN_UNDECLARED_SELECTOR = YES;
				GCC_WARN_UNINITIALIZED_AUTOS = YES_AGGRESSIVE;
				GCC_WARN_UNUSED_FUNCTION = YES;
				GCC_WARN_UNUSED_VARIABLE = YES;
				IPHONEOS_DEPLOYMENT_TARGET = 13.5;
				MTL_ENABLE_DEBUG_INFO = NO;
				MTL_FAST_MATH = YES;
				SDKROOT = iphoneos;
				SWIFT_COMPILATION_MODE = wholemodule;
				SWIFT_OPTIMIZATION_LEVEL = "-O";
				VALIDATE_PRODUCT = YES;
			};
			name = Release;
		};
		01FCE9E92503123D000BAF8F /* Debug */ = {
			isa = XCBuildConfiguration;
			buildSettings = {
				ASSETCATALOG_COMPILER_APPICON_NAME = AppIcon;
				CODE_SIGN_STYLE = Automatic;
				DEVELOPMENT_TEAM = HER732L49Q;
				INFOPLIST_FILE = ShopifyInternshipWordSearch/Info.plist;
				LD_RUNPATH_SEARCH_PATHS = (
					"$(inherited)",
					"@executable_path/Frameworks",
				);
				PRODUCT_BUNDLE_IDENTIFIER = com.nickKearns.ShopifyInternshipWordSearch;
				PRODUCT_NAME = "$(TARGET_NAME)";
				SWIFT_VERSION = 5.0;
				TARGETED_DEVICE_FAMILY = "1,2";
			};
			name = Debug;
		};
		01FCE9EA2503123D000BAF8F /* Release */ = {
			isa = XCBuildConfiguration;
			buildSettings = {
				ASSETCATALOG_COMPILER_APPICON_NAME = AppIcon;
				CODE_SIGN_STYLE = Automatic;
				DEVELOPMENT_TEAM = HER732L49Q;
				INFOPLIST_FILE = ShopifyInternshipWordSearch/Info.plist;
				LD_RUNPATH_SEARCH_PATHS = (
					"$(inherited)",
					"@executable_path/Frameworks",
				);
				PRODUCT_BUNDLE_IDENTIFIER = com.nickKearns.ShopifyInternshipWordSearch;
				PRODUCT_NAME = "$(TARGET_NAME)";
				SWIFT_VERSION = 5.0;
				TARGETED_DEVICE_FAMILY = "1,2";
			};
			name = Release;
		};
/* End XCBuildConfiguration section */

/* Begin XCConfigurationList section */
		01FCE9CF25031239000BAF8F /* Build configuration list for PBXProject "ShopifyInternshipWordSearch" */ = {
			isa = XCConfigurationList;
			buildConfigurations = (
				01FCE9E62503123D000BAF8F /* Debug */,
				01FCE9E72503123D000BAF8F /* Release */,
			);
			defaultConfigurationIsVisible = 0;
			defaultConfigurationName = Release;
		};
		01FCE9E82503123D000BAF8F /* Build configuration list for PBXNativeTarget "ShopifyInternshipWordSearch" */ = {
			isa = XCConfigurationList;
			buildConfigurations = (
				01FCE9E92503123D000BAF8F /* Debug */,
				01FCE9EA2503123D000BAF8F /* Release */,
			);
			defaultConfigurationIsVisible = 0;
			defaultConfigurationName = Release;
		};
/* End XCConfigurationList section */
	};
	rootObject = 01FCE9CC25031239000BAF8F /* Project object */;
}
